Microsoft Visual Studio Solution File, Format Version 12.00
# Visual Studio Version 17
VisualStudioVersion = 17.5.2.0
MinimumVisualStudioVersion = 10.0.40219.1
Project("{FAE04EC0-301F-11D3-BF4B-00C04F79EFBC}") = "RickMortyHallProblem", "RickMortyHallProblem.csproj", "{F5A5407B-C9A1-C11F-1DE1-2581E8640C32}"
EndProject
Global
	GlobalSection(SolutionConfigurationPlatforms) = preSolution
		Debug|Any CPU = Debug|Any CPU
		Release|Any CPU = Release|Any CPU
	EndGlobalSection
	GlobalSection(ProjectConfigurationPlatforms) = postSolution
		{F5A5407B-C9A1-C11F-1DE1-2581E8640C32}.Debug|Any CPU.ActiveCfg = Debug|Any CPU
		{F5A5407B-C9A1-C11F-1DE1-2581E8640C32}.Debug|Any CPU.Build.0 = Debug|Any CPU
		{F5A5407B-C9A1-C11F-1DE1-2581E8640C32}.Release|Any CPU.ActiveCfg = Release|Any CPU
		{F5A5407B-C9A1-C11F-1DE1-2581E8640C32}.Release|Any CPU.Build.0 = Release|Any CPU
	EndGlobalSection
	GlobalSection(SolutionProperties) = preSolution
		HideSolutionNode = FALSE
	EndGlobalSection
	GlobalSection(ExtensibilityGlobals) = postSolution
		SolutionGuid = {2AF1C306-031A-455A-BF90-A28D6FDD3A5D}
	EndGlobalSection
EndGlobal
